
Microsoft Visual Studio Solution File, Format Version 12.00
# Visual Studio Version 17
VisualStudioVersion = 17.3.32901.215
MinimumVisualStudioVersion = 10.0.40219.1
Project("{FAE04EC0-301F-11D3-BF4B-00C04F79EFBC}") = "Restaurant", "Restaurant\Restaurant.csproj", "{48A8CFD8-65AC-4619-B8F1-7207A5573702}"
EndProject
Global
	GlobalSection(SolutionConfigurationPlatforms) = preSolution
		Debug|Any CPU = Debug|Any CPU
		Release|Any CPU = Release|Any CPU
	EndGlobalSection
	GlobalSection(ProjectConfigurationPlatforms) = postSolution
		{48A8CFD8-65AC-4619-B8F1-7207A5573702}.Debug|Any CPU.ActiveCfg = Debug|Any CPU
		{48A8CFD8-65AC-4619-B8F1-7207A5573702}.Debug|Any CPU.Build.0 = Debug|Any CPU
		{48A8CFD8-65AC-4619-B8F1-7207A5573702}.Release|Any CPU.ActiveCfg = Release|Any CPU
		{48A8CFD8-65AC-4619-B8F1-7207A5573702}.Release|Any CPU.Build.0 = Release|Any CPU
	EndGlobalSection
	GlobalSection(SolutionProperties) = preSolution
		HideSolutionNode = FALSE
	EndGlobalSection
	GlobalSection(ExtensibilityGlobals) = postSolution
		SolutionGuid = {418FB67E-CC4D-4AAD-BF37-8742B73E9B8E}
	EndGlobalSection
EndGlobal
